
Microsoft Visual Studio Solution File, Format Version 12.00
# Visual Studio 2013
VisualStudioVersion = 12.0.30501.0
MinimumVisualStudioVersion = 10.0.40219.1
Project("{FAE04EC0-301F-11D3-BF4B-00C04F79EFBC}") = "SpecialiseringsEksamen2015", "SpecialiseringsEksamen2015\SpecialiseringsEksamen2015.csproj", "{C57D73C1-0369-4DE6-8571-A5D74FDED395}"
EndProject
Project("{FAE04EC0-301F-11D3-BF4B-00C04F79EFBC}") = "VetenarianWebsite", "VetenarianWebsite\VetenarianWebsite.csproj", "{3CE29E18-4461-4F0D-9870-32437EFB74B4}"
EndProject
Project("{FAE04EC0-301F-11D3-BF4B-00C04F79EFBC}") = "VetenarienLibrary", "VetenarienLibrary\VetenarienLibrary.csproj", "{10ED98A0-1689-4DFA-9B0F-FC158AF1873B}"
EndProject
Global
	GlobalSection(SolutionConfigurationPlatforms) = preSolution
		Debug|Any CPU = Debug|Any CPU
		Release|Any CPU = Release|Any CPU
	EndGlobalSection
	GlobalSection(ProjectConfigurationPlatforms) = postSolution
		{C57D73C1-0369-4DE6-8571-A5D74FDED395}.Debug|Any CPU.ActiveCfg = Debug|Any CPU
		{C57D73C1-0369-4DE6-8571-A5D74FDED395}.Debug|Any CPU.Build.0 = Debug|Any CPU
		{C57D73C1-0369-4DE6-8571-A5D74FDED395}.Release|Any CPU.ActiveCfg = Release|Any CPU
		{C57D73C1-0369-4DE6-8571-A5D74FDED395}.Release|Any CPU.Build.0 = Release|Any CPU
		{3CE29E18-4461-4F0D-9870-32437EFB74B4}.Debug|Any CPU.ActiveCfg = Debug|Any CPU
		{3CE29E18-4461-4F0D-9870-32437EFB74B4}.Debug|Any CPU.Build.0 = Debug|Any CPU
		{3CE29E18-4461-4F0D-9870-32437EFB74B4}.Release|Any CPU.ActiveCfg = Release|Any CPU
		{3CE29E18-4461-4F0D-9870-32437EFB74B4}.Release|Any CPU.Build.0 = Release|Any CPU
		{10ED98A0-1689-4DFA-9B0F-FC158AF1873B}.Debug|Any CPU.ActiveCfg = Debug|Any CPU
		{10ED98A0-1689-4DFA-9B0F-FC158AF1873B}.Debug|Any CPU.Build.0 = Debug|Any CPU
		{10ED98A0-1689-4DFA-9B0F-FC158AF1873B}.Release|Any CPU.ActiveCfg = Release|Any CPU
		{10ED98A0-1689-4DFA-9B0F-FC158AF1873B}.Release|Any CPU.Build.0 = Release|Any CPU
	EndGlobalSection
	GlobalSection(SolutionProperties) = preSolution
		HideSolutionNode = FALSE
	EndGlobalSection
EndGlobal
